// !$*UTF8*$!
{
	archiveVersion = 1;
	classes = {
	};
	objectVersion = 77;
	objects = {

/* Begin PBXBuildFile section */
		0771FDF131BD4A4C8F128251 /* Bobmoo_iOS/Resource/Fonts/Pretendard-Thin.otf in Resources */ = {isa = PBXBuildFile; fileRef = 542C7DFE1C124EDA9429682D /* Bobmoo_iOS/Resource/Fonts/Pretendard-Thin.otf */; };
		0ECE70815D6D4B169C3CD419 /* Bobmoo_iOS/Resource/Fonts/Pretendard-Light.otf in Resources */ = {isa = PBXBuildFile; fileRef = 232FCC267B804EE9967EF587 /* Bobmoo_iOS/Resource/Fonts/Pretendard-Light.otf */; };
		1BEAB95FDE7445429F80B73E /* Bobmoo_iOS/Resource/Fonts/Pretendard-ExtraLight.otf in Resources */ = {isa = PBXBuildFile; fileRef = CF4157B7E09D491DA5CF1A75 /* Bobmoo_iOS/Resource/Fonts/Pretendard-ExtraLight.otf */; };
		284017BD3F3043179BD30222 /* Bobmoo_iOS/Resource/Fonts/Pretendard-SemiBold.otf in Resources */ = {isa = PBXBuildFile; fileRef = A1CF572C4B0643ECB99D6E17 /* Bobmoo_iOS/Resource/Fonts/Pretendard-SemiBold.otf */; };
		55F85D16A8E848EDB6901B38 /* Bobmoo_iOS/Resource/Fonts/Pretendard-ExtraBold.otf in Resources */ = {isa = PBXBuildFile; fileRef = 53B412A68BBC4ED7ADF583DD /* Bobmoo_iOS/Resource/Fonts/Pretendard-ExtraBold.otf */; };
		69E1B75386F14A4EBB3ED58E /* Bobmoo_iOS/Resource/Fonts/Pretendard-Regular.otf in Resources */ = {isa = PBXBuildFile; fileRef = 940B3BC9F8BF47E9BB1028B8 /* Bobmoo_iOS/Resource/Fonts/Pretendard-Regular.otf */; };
		6C09BB4C358A4A6ABABB838C /* Bobmoo_iOS/Resource/Fonts/Pretendard-Black.otf in Resources */ = {isa = PBXBuildFile; fileRef = 413FD0FC4D0A471AA4F450DE /* Bobmoo_iOS/Resource/Fonts/Pretendard-Black.otf */; };
		73FCC88A63544F0E8897542F /* Bobmoo_iOS/Resource/Assets.xcassets in Resources */ = {isa = PBXBuildFile; fileRef = BAE0912481DF4502AD55B1EE /* Bobmoo_iOS/Resource/Assets.xcassets */; };
		773B6F75D26E4A45A0C96017 /* Bobmoo_iOS/Resource/Components/BobmooLabel.swift in Sources */ = {isa = PBXBuildFile; fileRef = A36F68D6BC674EC285BC79FB /* Bobmoo_iOS/Resource/Components/BobmooLabel.swift */; };
		9D8231E844A648CDACCED1B0 /* Bobmoo_iOS/Resource/Extensions/Font+.swift in Sources */ = {isa = PBXBuildFile; fileRef = 38393AE77B6D415982268462 /* Bobmoo_iOS/Resource/Extensions/Font+.swift */; };
		B97FFD4EA4D54EB1861AE87D /* Bobmoo_iOS/Resource/Fonts/Pretendard-Medium.otf in Resources */ = {isa = PBXBuildFile; fileRef = 98223F698704469E83F60835 /* Bobmoo_iOS/Resource/Fonts/Pretendard-Medium.otf */; };
		C5828B6496A542AE95544934 /* Bobmoo_iOS/Network/APIConfig.swift in Sources */ = {isa = PBXBuildFile; fileRef = 79DBF9905BF24ECC99C174CD /* Bobmoo_iOS/Network/APIConfig.swift */; };
		CA47C2A02F488B33000D809C /* Alamofire in Frameworks */ = {isa = PBXBuildFile; productRef = CA47C29F2F488B33000D809C /* Alamofire */; };
		CA47C2B12F488B33000D809C /* BobmooWidgetExtension.appex in CopyFiles */ = {isa = PBXBuildFile; fileRef = CA47C2A52F488B33000D809C /* BobmooWidgetExtension.appex */; settings = {ATTRIBUTES = (CodeSignOnCopy, RemoveHeadersOnCopy, ); }; };
		CAA5B2632F63B60E00BE49E3 /* FirebaseAnalytics in Frameworks */ = {isa = PBXBuildFile; productRef = CAA5B2622F63B60E00BE49E3 /* FirebaseAnalytics */; };
		CAA5B2652F63B65600BE49E3 /* GoogleService-Info.plist in Resources */ = {isa = PBXBuildFile; fileRef = CAA5B2642F63B65600BE49E3 /* GoogleService-Info.plist */; };
		CAA5B2662F63B65600BE49E3 /* GoogleService-Info.plist in Resources */ = {isa = PBXBuildFile; fileRef = CAA5B2642F63B65600BE49E3 /* GoogleService-Info.plist */; };
		D1A100012F70000100A1A1A1 /* AmplitudeSwift in Frameworks */ = {isa = PBXBuildFile; productRef = D1A100032F70000100A1A1A1 /* AmplitudeSwift */; };
		D3A4953058454F03AE9F73AB /* Bobmoo_iOS/Resource/Fonts/Pretendard-Bold.otf in Resources */ = {isa = PBXBuildFile; fileRef = 50C75F4D030F48788B2C98C6 /* Bobmoo_iOS/Resource/Fonts/Pretendard-Bold.otf */; };
		DC345A57B1764B0C9C9174D0 /* Bobmoo_iOS/Resource/Extensions/OperationPeriod+Parse.swift in Sources */ = {isa = PBXBuildFile; fileRef = E54C8B177962412CB960C50A /* Bobmoo_iOS/Resource/Extensions/OperationPeriod+Parse.swift */; };
		E614BF936DFA478C8C7C00C3 /* Bobmoo_iOS/Resource/Extensions/UserDefaults+BobmooShared.swift in Sources */ = {isa = PBXBuildFile; fileRef = D9F071566EDF4EDC96BC62F1 /* Bobmoo_iOS/Resource/Extensions/UserDefaults+BobmooShared.swift */; };
/* End PBXBuildFile section */

/* Begin PBXContainerItemProxy section */
		CA47C2B22F488B33000D809C /* PBXContainerItemProxy */ = {
			isa = PBXContainerItemProxy;
			containerPortal = CA80536E2F3F3CF80013A6A0 /* Project object */;
			proxyType = 1;
			remoteGlobalIDString = CA47C2A12F488B33000D809C;
			remoteInfo = BobmooWidgetExtension;
		};
/* End PBXContainerItemProxy section */

/* Begin PBXCopyFilesBuildPhase section */
		CA47C2B02F488B33000D809C /* CopyFiles */ = {
			isa = PBXCopyFilesBuildPhase;
			buildActionMask = 2147483647;
			dstPath = "";
			dstSubfolderSpec = 13;
			files = (
				CA47C2B12F488B33000D809C /* BobmooWidgetExtension.appex in CopyFiles */,
			);
			runOnlyForDeploymentPostprocessing = 0;
		};
/* End PBXCopyFilesBuildPhase section */

/* Begin PBXFileReference section */
		232FCC267B804EE9967EF587 /* Bobmoo_iOS/Resource/Fonts/Pretendard-Light.otf */ = {isa = PBXFileReference; lastKnownFileType = file; path = "Bobmoo_iOS/Resource/Fonts/Pretendard-Light.otf"; sourceTree = "<group>"; };
		38393AE77B6D415982268462 /* Bobmoo_iOS/Resource/Extensions/Font+.swift */ = {isa = PBXFileReference; lastKnownFileType = sourcecode.swift; path = "Bobmoo_iOS/Resource/Extensions/Font+.swift"; sourceTree = "<group>"; };
		413FD0FC4D0A471AA4F450DE /* Bobmoo_iOS/Resource/Fonts/Pretendard-Black.otf */ = {isa = PBXFileReference; lastKnownFileType = file; path = "Bobmoo_iOS/Resource/Fonts/Pretendard-Black.otf"; sourceTree = "<group>"; };
		50C75F4D030F48788B2C98C6 /* Bobmoo_iOS/Resource/Fonts/Pretendard-Bold.otf */ = {isa = PBXFileReference; lastKnownFileType = file; path = "Bobmoo_iOS/Resource/Fonts/Pretendard-Bold.otf"; sourceTree = "<group>"; };
		53B412A68BBC4ED7ADF583DD /* Bobmoo_iOS/Resource/Fonts/Pretendard-ExtraBold.otf */ = {isa = PBXFileReference; lastKnownFileType = file; path = "Bobmoo_iOS/Resource/Fonts/Pretendard-ExtraBold.otf"; sourceTree = "<group>"; };
		542C7DFE1C124EDA9429682D /* Bobmoo_iOS/Resource/Fonts/Pretendard-Thin.otf */ = {isa = PBXFileReference; lastKnownFileType = file; path = "Bobmoo_iOS/Resource/Fonts/Pretendard-Thin.otf"; sourceTree = "<group>"; };
		79DBF9905BF24ECC99C174CD /* Bobmoo_iOS/Network/APIConfig.swift */ = {isa = PBXFileReference; lastKnownFileType = sourcecode.swift; path = Bobmoo_iOS/Network/APIConfig.swift; sourceTree = "<group>"; };
		940B3BC9F8BF47E9BB1028B8 /* Bobmoo_iOS/Resource/Fonts/Pretendard-Regular.otf */ = {isa = PBXFileReference; lastKnownFileType = file; path = "Bobmoo_iOS/Resource/Fonts/Pretendard-Regular.otf"; sourceTree = "<group>"; };
		98223F698704469E83F60835 /* Bobmoo_iOS/Resource/Fonts/Pretendard-Medium.otf */ = {isa = PBXFileReference; lastKnownFileType = file; path = "Bobmoo_iOS/Resource/Fonts/Pretendard-Medium.otf"; sourceTree = "<group>"; };
		A1CF572C4B0643ECB99D6E17 /* Bobmoo_iOS/Resource/Fonts/Pretendard-SemiBold.otf */ = {isa = PBXFileReference; lastKnownFileType = file; path = "Bobmoo_iOS/Resource/Fonts/Pretendard-SemiBold.otf"; sourceTree = "<group>"; };
		A36F68D6BC674EC285BC79FB /* Bobmoo_iOS/Resource/Components/BobmooLabel.swift */ = {isa = PBXFileReference; lastKnownFileType = sourcecode.swift; path = Bobmoo_iOS/Resource/Components/BobmooLabel.swift; sourceTree = "<group>"; };
		BAE0912481DF4502AD55B1EE /* Bobmoo_iOS/Resource/Assets.xcassets */ = {isa = PBXFileReference; lastKnownFileType = folder.assetcatalog; path = Bobmoo_iOS/Resource/Assets.xcassets; sourceTree = "<group>"; };
		CA47C2A52F488B33000D809C /* BobmooWidgetExtension.appex */ = {isa = PBXFileReference; explicitFileType = "wrapper.app-extension"; includeInIndex = 0; path = BobmooWidgetExtension.appex; sourceTree = BUILT_PRODUCTS_DIR; };
		CA8053762F3F3CF80013A6A0 /* Bobmoo_iOS.app */ = {isa = PBXFileReference; explicitFileType = wrapper.application; includeInIndex = 0; path = Bobmoo_iOS.app; sourceTree = BUILT_PRODUCTS_DIR; };
		CAA5B2642F63B65600BE49E3 /* GoogleService-Info.plist */ = {isa = PBXFileReference; lastKnownFileType = text.plist.xml; path = "GoogleService-Info.plist"; sourceTree = "<group>"; };
		CF4157B7E09D491DA5CF1A75 /* Bobmoo_iOS/Resource/Fonts/Pretendard-ExtraLight.otf */ = {isa = PBXFileReference; lastKnownFileType = file; path = "Bobmoo_iOS/Resource/Fonts/Pretendard-ExtraLight.otf"; sourceTree = "<group>"; };
		D9F071566EDF4EDC96BC62F1 /* Bobmoo_iOS/Resource/Extensions/UserDefaults+BobmooShared.swift */ = {isa = PBXFileReference; lastKnownFileType = sourcecode.swift; path = "Bobmoo_iOS/Resource/Extensions/UserDefaults+BobmooShared.swift"; sourceTree = "<group>"; };
		E54C8B177962412CB960C50A /* Bobmoo_iOS/Resource/Extensions/OperationPeriod+Parse.swift */ = {isa = PBXFileReference; lastKnownFileType = sourcecode.swift; path = "Bobmoo_iOS/Resource/Extensions/OperationPeriod+Parse.swift"; sourceTree = "<group>"; };
/* End PBXFileReference section */

/* Begin PBXFileSystemSynchronizedRootGroup section */
		CA47C2A92F488B33000D809C /* BobmooWidgetExtension */ = {
			isa = PBXFileSystemSynchronizedRootGroup;
			path = BobmooWidgetExtension;
			sourceTree = "<group>";
		};
		CA8053782F3F3CF80013A6A0 /* Bobmoo_iOS */ = {
			isa = PBXFileSystemSynchronizedRootGroup;
			path = Bobmoo_iOS;
			sourceTree = "<group>";
		};
/* End PBXFileSystemSynchronizedRootGroup section */

/* Begin PBXFrameworksBuildPhase section */
		CA47C2A32F488B33000D809C /* Frameworks */ = {
			isa = PBXFrameworksBuildPhase;
			buildActionMask = 2147483647;
			files = (
			);
			runOnlyForDeploymentPostprocessing = 0;
		};
		CA8053732F3F3CF80013A6A0 /* Frameworks */ = {
			isa = PBXFrameworksBuildPhase;
			buildActionMask = 2147483647;
			files = (
				D1A100012F70000100A1A1A1 /* AmplitudeSwift in Frameworks */,
				CAA5B2632F63B60E00BE49E3 /* FirebaseAnalytics in Frameworks */,
				CA47C2A02F488B33000D809C /* Alamofire in Frameworks */,
			);
			runOnlyForDeploymentPostprocessing = 0;
		};
/* End PBXFrameworksBuildPhase section */

/* Begin PBXGroup section */
		CA0245782F5196EE0028FDFC /* Recovered References */ = {
			isa = PBXGroup;
			children = (
				79DBF9905BF24ECC99C174CD /* Bobmoo_iOS/Network/APIConfig.swift */,
				A36F68D6BC674EC285BC79FB /* Bobmoo_iOS/Resource/Components/BobmooLabel.swift */,
				38393AE77B6D415982268462 /* Bobmoo_iOS/Resource/Extensions/Font+.swift */,
				E54C8B177962412CB960C50A /* Bobmoo_iOS/Resource/Extensions/OperationPeriod+Parse.swift */,
				D9F071566EDF4EDC96BC62F1 /* Bobmoo_iOS/Resource/Extensions/UserDefaults+BobmooShared.swift */,
				BAE0912481DF4502AD55B1EE /* Bobmoo_iOS/Resource/Assets.xcassets */,
				413FD0FC4D0A471AA4F450DE /* Bobmoo_iOS/Resource/Fonts/Pretendard-Black.otf */,
				50C75F4D030F48788B2C98C6 /* Bobmoo_iOS/Resource/Fonts/Pretendard-Bold.otf */,
				53B412A68BBC4ED7ADF583DD /* Bobmoo_iOS/Resource/Fonts/Pretendard-ExtraBold.otf */,
				CF4157B7E09D491DA5CF1A75 /* Bobmoo_iOS/Resource/Fonts/Pretendard-ExtraLight.otf */,
				232FCC267B804EE9967EF587 /* Bobmoo_iOS/Resource/Fonts/Pretendard-Light.otf */,
				98223F698704469E83F60835 /* Bobmoo_iOS/Resource/Fonts/Pretendard-Medium.otf */,
				940B3BC9F8BF47E9BB1028B8 /* Bobmoo_iOS/Resource/Fonts/Pretendard-Regular.otf */,
				A1CF572C4B0643ECB99D6E17 /* Bobmoo_iOS/Resource/Fonts/Pretendard-SemiBold.otf */,
				542C7DFE1C124EDA9429682D /* Bobmoo_iOS/Resource/Fonts/Pretendard-Thin.otf */,
			);
			name = "Recovered References";
			sourceTree = "<group>";
		};
		CA80536D2F3F3CF70013A6A0 = {
			isa = PBXGroup;
			children = (
				CAA5B2642F63B65600BE49E3 /* GoogleService-Info.plist */,
				CA8053782F3F3CF80013A6A0 /* Bobmoo_iOS */,
				CA47C2A92F488B33000D809C /* BobmooWidgetExtension */,
				CA8053772F3F3CF80013A6A0 /* Products */,
				CA0245782F5196EE0028FDFC /* Recovered References */,
			);
			sourceTree = "<group>";
		};
		CA8053772F3F3CF80013A6A0 /* Products */ = {
			isa = PBXGroup;
			children = (
				CA8053762F3F3CF80013A6A0 /* Bobmoo_iOS.app */,
				CA47C2A52F488B33000D809C /* BobmooWidgetExtension.appex */,
			);
			name = Products;
			sourceTree = "<group>";
		};
/* End PBXGroup section */

/* Begin PBXNativeTarget section */
		CA47C2A12F488B33000D809C /* BobmooWidgetExtension */ = {
			isa = PBXNativeTarget;
			buildConfigurationList = CA47C2A62F488B33000D809C /* Build configuration list for PBXNativeTarget "BobmooWidgetExtension" */;
			buildPhases = (
				CA47C2A22F488B33000D809C /* Sources */,
				CA47C2A32F488B33000D809C /* Frameworks */,
				CA47C2A42F488B33000D809C /* Resources */,
			);
			buildRules = (
			);
			dependencies = (
			);
			fileSystemSynchronizedGroups = (
				CA47C2A92F488B33000D809C /* BobmooWidgetExtension */,
			);
			name = BobmooWidgetExtension;
			productName = BobmooWidgetExtension;
			productReference = CA47C2A52F488B33000D809C /* BobmooWidgetExtension.appex */;
			productType = "com.apple.product-type.app-extension";
		};
		CA8053752F3F3CF80013A6A0 /* Bobmoo_iOS */ = {
			isa = PBXNativeTarget;
			buildConfigurationList = CA8053812F3F3CF80013A6A0 /* Build configuration list for PBXNativeTarget "Bobmoo_iOS" */;
			buildPhases = (
				CA8053722F3F3CF80013A6A0 /* Sources */,
				CA8053732F3F3CF80013A6A0 /* Frameworks */,
				CA8053742F3F3CF80013A6A0 /* Resources */,
				CA47C2B02F488B33000D809C /* CopyFiles */,
			);
			buildRules = (
			);
			dependencies = (
				CA47C2B32F488B33000D809C /* PBXTargetDependency */,
			);
			fileSystemSynchronizedGroups = (
				CA8053782F3F3CF80013A6A0 /* Bobmoo_iOS */,
			);
			name = Bobmoo_iOS;
			packageProductDependencies = (
				CA47C29F2F488B33000D809C /* Alamofire */,
				D1A100032F70000100A1A1A1 /* AmplitudeSwift */,
				CAA5B2622F63B60E00BE49E3 /* FirebaseAnalytics */,
			);
			productName = Bobmoo_iOS;
			productReference = CA8053762F3F3CF80013A6A0 /* Bobmoo_iOS.app */;
			productType = "com.apple.product-type.application";
		};
/* End PBXNativeTarget section */

/* Begin PBXProject section */
		CA80536E2F3F3CF80013A6A0 /* Project object */ = {
			isa = PBXProject;
			attributes = {
				BuildIndependentTargetsInParallel = 1;
				LastSwiftUpdateCheck = 2600;
				LastUpgradeCheck = 2600;
				TargetAttributes = {
					CA47C2A12F488B33000D809C = {
						CreatedOnToolsVersion = 26.0.1;
					};
					CA8053752F3F3CF80013A6A0 = {
						CreatedOnToolsVersion = 26.0.1;
					};
				};
			};
			buildConfigurationList = CA8053712F3F3CF80013A6A0 /* Build configuration list for PBXProject "Bobmoo_iOS" */;
			developmentRegion = en;
			hasScannedForEncodings = 0;
			knownRegions = (
				en,
				Base,
			);
			mainGroup = CA80536D2F3F3CF70013A6A0;
			minimizedProjectReferenceProxies = 1;
			packageReferences = (
				CA47C29E2F488B33000D809C /* XCRemoteSwiftPackageReference "Alamofire" */,
				D1A100022F70000100A1A1A1 /* XCRemoteSwiftPackageReference "Amplitude-Swift" */,
				CAA5B2612F63B60E00BE49E3 /* XCRemoteSwiftPackageReference "firebase-ios-sdk" */,
			);
			preferredProjectObjectVersion = 77;
			productRefGroup = CA8053772F3F3CF80013A6A0 /* Products */;
			projectDirPath = "";
			projectRoot = "";
			targets = (
				CA8053752F3F3CF80013A6A0 /* Bobmoo_iOS */,
				CA47C2A12F488B33000D809C /* BobmooWidgetExtension */,
			);
		};
/* End PBXProject section */

/* Begin PBXResourcesBuildPhase section */
		CA47C2A42F488B33000D809C /* Resources */ = {
			isa = PBXResourcesBuildPhase;
			buildActionMask = 2147483647;
			files = (
				73FCC88A63544F0E8897542F /* Bobmoo_iOS/Resource/Assets.xcassets in Resources */,
				6C09BB4C358A4A6ABABB838C /* Bobmoo_iOS/Resource/Fonts/Pretendard-Black.otf in Resources */,
				D3A4953058454F03AE9F73AB /* Bobmoo_iOS/Resource/Fonts/Pretendard-Bold.otf in Resources */,
				55F85D16A8E848EDB6901B38 /* Bobmoo_iOS/Resource/Fonts/Pretendard-ExtraBold.otf in Resources */,
				1BEAB95FDE7445429F80B73E /* Bobmoo_iOS/Resource/Fonts/Pretendard-ExtraLight.otf in Resources */,
				0ECE70815D6D4B169C3CD419 /* Bobmoo_iOS/Resource/Fonts/Pretendard-Light.otf in Resources */,
				B97FFD4EA4D54EB1861AE87D /* Bobmoo_iOS/Resource/Fonts/Pretendard-Medium.otf in Resources */,
				69E1B75386F14A4EBB3ED58E /* Bobmoo_iOS/Resource/Fonts/Pretendard-Regular.otf in Resources */,
				CAA5B2652F63B65600BE49E3 /* GoogleService-Info.plist in Resources */,
				284017BD3F3043179BD30222 /* Bobmoo_iOS/Resource/Fonts/Pretendard-SemiBold.otf in Resources */,
				0771FDF131BD4A4C8F128251 /* Bobmoo_iOS/Resource/Fonts/Pretendard-Thin.otf in Resources */,
			);
			runOnlyForDeploymentPostprocessing = 0;
		};
		CA8053742F3F3CF80013A6A0 /* Resources */ = {
			isa = PBXResourcesBuildPhase;
			buildActionMask = 2147483647;
			files = (
				CAA5B2662F63B65600BE49E3 /* GoogleService-Info.plist in Resources */,
			);
			runOnlyForDeploymentPostprocessing = 0;
		};
/* End PBXResourcesBuildPhase section */

/* Begin PBXSourcesBuildPhase section */
		CA47C2A22F488B33000D809C /* Sources */ = {
			isa = PBXSourcesBuildPhase;
			buildActionMask = 2147483647;
			files = (
				C5828B6496A542AE95544934 /* Bobmoo_iOS/Network/APIConfig.swift in Sources */,
				773B6F75D26E4A45A0C96017 /* Bobmoo_iOS/Resource/Components/BobmooLabel.swift in Sources */,
				9D8231E844A648CDACCED1B0 /* Bobmoo_iOS/Resource/Extensions/Font+.swift in Sources */,
				DC345A57B1764B0C9C9174D0 /* Bobmoo_iOS/Resource/Extensions/OperationPeriod+Parse.swift in Sources */,
				E614BF936DFA478C8C7C00C3 /* Bobmoo_iOS/Resource/Extensions/UserDefaults+BobmooShared.swift in Sources */,
			);
			runOnlyForDeploymentPostprocessing = 0;
		};
		CA8053722F3F3CF80013A6A0 /* Sources */ = {
			isa = PBXSourcesBuildPhase;
			buildActionMask = 2147483647;
			files = (
			);
			runOnlyForDeploymentPostprocessing = 0;
		};
/* End PBXSourcesBuildPhase section */

/* Begin PBXTargetDependency section */
		CA47C2B32F488B33000D809C /* PBXTargetDependency */ = {
			isa = PBXTargetDependency;
			target = CA47C2A12F488B33000D809C /* BobmooWidgetExtension */;
			targetProxy = CA47C2B22F488B33000D809C /* PBXContainerItemProxy */;
		};
/* End PBXTargetDependency section */

/* Begin XCBuildConfiguration section */
		CA47C2A72F488B33000D809C /* Debug */ = {
			isa = XCBuildConfiguration;
			buildSettings = {
				CODE_SIGN_ENTITLEMENTS = BobmooWidgetExtension/BobmooWidgetExtension.entitlements;
				CODE_SIGN_STYLE = Automatic;
				CURRENT_PROJECT_VERSION = 1;
				DEVELOPMENT_TEAM = L743TBSZQQ;
				ENABLE_PREVIEWS = YES;
				GENERATE_INFOPLIST_FILE = NO;
				INFOPLIST_FILE = "BobmooWidgetExtension-Info.plist";
				INFOPLIST_KEY_CFBundleDisplayName = BobmooWidgetExtension;
				INFOPLIST_KEY_NSExtension_NSExtensionPointIdentifier = "com.apple.widgetkit-extension";
				IPHONEOS_DEPLOYMENT_TARGET = 17.0;
				LD_RUNPATH_SEARCH_PATHS = (
					"$(inherited)",
					"@executable_path/Frameworks",
					"@executable_path/../../Frameworks",
				);
				MARKETING_VERSION = 3.2;
				PRODUCT_BUNDLE_IDENTIFIER = soseoyo.BabmooiOS.BobmooWidgetExtension;
				PRODUCT_NAME = "$(TARGET_NAME)";
				SKIP_INSTALL = YES;
				SWIFT_APPROACHABLE_CONCURRENCY = YES;
				SWIFT_DEFAULT_ACTOR_ISOLATION = MainActor;
				SWIFT_EMIT_LOC_STRINGS = YES;
				SWIFT_UPCOMING_FEATURE_MEMBER_IMPORT_VISIBILITY = YES;
				SWIFT_VERSION = 5.0;
				TARGETED_DEVICE_FAMILY = "1,2";
			};
			name = Debug;
		};
		CA47C2A82F488B33000D809C /* Release */ = {
			isa = XCBuildConfiguration;
			buildSettings = {
				CODE_SIGN_ENTITLEMENTS = BobmooWidgetExtension/BobmooWidgetExtension.entitlements;
				CODE_SIGN_STYLE = Automatic;
				CURRENT_PROJECT_VERSION = 1;
				DEVELOPMENT_TEAM = L743TBSZQQ;
				ENABLE_PREVIEWS = YES;
				GENERATE_INFOPLIST_FILE = NO;
				INFOPLIST_FILE = "BobmooWidgetExtension-Info.plist";
				INFOPLIST_KEY_CFBundleDisplayName = BobmooWidgetExtension;
				INFOPLIST_KEY_NSExtension_NSExtensionPointIdentifier = "com.apple.widgetkit-extension";
				IPHONEOS_DEPLOYMENT_TARGET = 17.0;
				LD_RUNPATH_SEARCH_PATHS = (
					"$(inherited)",
					"@executable_path/Frameworks",
					"@executable_path/../../Frameworks",
				);
				MARKETING_VERSION = 3.2;
				PRODUCT_BUNDLE_IDENTIFIER = soseoyo.BabmooiOS.BobmooWidgetExtension;
				PRODUCT_NAME = "$(TARGET_NAME)";
				SKIP_INSTALL = YES;
				SWIFT_APPROACHABLE_CONCURRENCY = YES;
				SWIFT_DEFAULT_ACTOR_ISOLATION = MainActor;
				SWIFT_EMIT_LOC_STRINGS = YES;
				SWIFT_UPCOMING_FEATURE_MEMBER_IMPORT_VISIBILITY = YES;
				SWIFT_VERSION = 5.0;
				TARGETED_DEVICE_FAMILY = "1,2";
			};
			name = Release;
		};
		CA80537F2F3F3CF80013A6A0 /* Debug */ = {
			isa = XCBuildConfiguration;
			baseConfigurationReferenceAnchor = CA8053782F3F3CF80013A6A0 /* Bobmoo_iOS */;
			baseConfigurationReferenceRelativePath = Config.xcconfig;
			buildSettings = {
				ALWAYS_SEARCH_USER_PATHS = NO;
				ASSETCATALOG_COMPILER_GENERATE_SWIFT_ASSET_SYMBOL_EXTENSIONS = YES;
				CLANG_ANALYZER_NONNULL = YES;
				CLANG_ANALYZER_NUMBER_OBJECT_CONVERSION = YES_AGGRESSIVE;
				CLANG_CXX_LANGUAGE_STANDARD = "gnu++20";
				CLANG_ENABLE_MODULES = YES;
				CLANG_ENABLE_OBJC_ARC = YES;
				CLANG_ENABLE_OBJC_WEAK = YES;
				CLANG_WARN_BLOCK_CAPTURE_AUTORELEASING = YES;
				CLANG_WARN_BOOL_CONVERSION = YES;
				CLANG_WARN_COMMA = YES;
				CLANG_WARN_CONSTANT_CONVERSION = YES;
				CLANG_WARN_DEPRECATED_OBJC_IMPLEMENTATIONS = YES;
				CLANG_WARN_DIRECT_OBJC_ISA_USAGE = YES_ERROR;
				CLANG_WARN_DOCUMENTATION_COMMENTS = YES;
				CLANG_WARN_EMPTY_BODY = YES;
				CLANG_WARN_ENUM_CONVERSION = YES;
				CLANG_WARN_INFINITE_RECURSION = YES;
				CLANG_WARN_INT_CONVERSION = YES;
				CLANG_WARN_NON_LITERAL_NULL_CONVERSION = YES;
				CLANG_WARN_OBJC_IMPLICIT_RETAIN_SELF = YES;
				CLANG_WARN_OBJC_LITERAL_CONVERSION = YES;
				CLANG_WARN_OBJC_ROOT_CLASS = YES_ERROR;
				CLANG_WARN_QUOTED_INCLUDE_IN_FRAMEWORK_HEADER = YES;
				CLANG_WARN_RANGE_LOOP_ANALYSIS = YES;
				CLANG_WARN_STRICT_PROTOTYPES = YES;
				CLANG_WARN_SUSPICIOUS_MOVE = YES;
				CLANG_WARN_UNGUARDED_AVAILABILITY = YES_AGGRESSIVE;
				CLANG_WARN_UNREACHABLE_CODE = YES;
				CLANG_WARN__DUPLICATE_METHOD_MATCH = YES;
				COPY_PHASE_STRIP = NO;
				DEBUG_INFORMATION_FORMAT = dwarf;
				DEVELOPMENT_TEAM = L743TBSZQQ;
				ENABLE_STRICT_OBJC_MSGSEND = YES;
				ENABLE_TESTABILITY = YES;
				ENABLE_USER_SCRIPT_SANDBOXING = YES;
				GCC_C_LANGUAGE_STANDARD = gnu17;
				GCC_DYNAMIC_NO_PIC = NO;
				GCC_NO_COMMON_BLOCKS = YES;
				GCC_OPTIMIZATION_LEVEL = 0;
				GCC_PREPROCESSOR_DEFINITIONS = (
					"DEBUG=1",
					"$(inherited)",
				);
				GCC_WARN_64_TO_32_BIT_CONVERSION = YES;
				GCC_WARN_ABOUT_RETURN_TYPE = YES_ERROR;
				GCC_WARN_UNDECLARED_SELECTOR = YES;
				GCC_WARN_UNINITIALIZED_AUTOS = YES_AGGRESSIVE;
				GCC_WARN_UNUSED_FUNCTION = YES;
				GCC_WARN_UNUSED_VARIABLE = YES;
				IPHONEOS_DEPLOYMENT_TARGET = 26.0;
				LOCALIZATION_PREFERS_STRING_CATALOGS = YES;
				MTL_ENABLE_DEBUG_INFO = INCLUDE_SOURCE;
				MTL_FAST_MATH = YES;
				ONLY_ACTIVE_ARCH = YES;
				SDKROOT = iphoneos;
				SWIFT_ACTIVE_COMPILATION_CONDITIONS = "DEBUG $(inherited)";
				SWIFT_OPTIMIZATION_LEVEL = "-Onone";
			};
			name = Debug;
		};
		CA8053802F3F3CF80013A6A0 /* Release */ = {
			isa = XCBuildConfiguration;
			baseConfigurationReferenceAnchor = CA8053782F3F3CF80013A6A0 /* Bobmoo_iOS */;
			baseConfigurationReferenceRelativePath = Config.xcconfig;
			buildSettings = {
				ALWAYS_SEARCH_USER_PATHS = NO;
				ASSETCATALOG_COMPILER_GENERATE_SWIFT_ASSET_SYMBOL_EXTENSIONS = YES;
				CLANG_ANALYZER_NONNULL = YES;
				CLANG_ANALYZER_NUMBER_OBJECT_CONVERSION = YES_AGGRESSIVE;
				CLANG_CXX_LANGUAGE_STANDARD = "gnu++20";
				CLANG_ENABLE_MODULES = YES;
				CLANG_ENABLE_OBJC_ARC = YES;
				CLANG_ENABLE_OBJC_WEAK = YES;
				CLANG_WARN_BLOCK_CAPTURE_AUTORELEASING = YES;
				CLANG_WARN_BOOL_CONVERSION = YES;
				CLANG_WARN_COMMA = YES;
				CLANG_WARN_CONSTANT_CONVERSION = YES;
				CLANG_WARN_DEPRECATED_OBJC_IMPLEMENTATIONS = YES;
				CLANG_WARN_DIRECT_OBJC_ISA_USAGE = YES_ERROR;
				CLANG_WARN_DOCUMENTATION_COMMENTS = YES;
				CLANG_WARN_EMPTY_BODY = YES;
				CLANG_WARN_ENUM_CONVERSION = YES;
				CLANG_WARN_INFINITE_RECURSION = YES;
				CLANG_WARN_INT_CONVERSION = YES;
				CLANG_WARN_NON_LITERAL_NULL_CONVERSION = YES;
				CLANG_WARN_OBJC_IMPLICIT_RETAIN_SELF = YES;
				CLANG_WARN_OBJC_LITERAL_CONVERSION = YES;
				CLANG_WARN_OBJC_ROOT_CLASS = YES_ERROR;
				CLANG_WARN_QUOTED_INCLUDE_IN_FRAMEWORK_HEADER = YES;
				CLANG_WARN_RANGE_LOOP_ANALYSIS = YES;
				CLANG_WARN_STRICT_PROTOTYPES = YES;
				CLANG_WARN_SUSPICIOUS_MOVE = YES;
				CLANG_WARN_UNGUARDED_AVAILABILITY = YES_AGGRESSIVE;
				CLANG_WARN_UNREACHABLE_CODE = YES;
				CLANG_WARN__DUPLICATE_METHOD_MATCH = YES;
				COPY_PHASE_STRIP = NO;
				DEBUG_INFORMATION_FORMAT = "dwarf-with-dsym";
				DEVELOPMENT_TEAM = L743TBSZQQ;
				ENABLE_NS_ASSERTIONS = NO;
				ENABLE_STRICT_OBJC_MSGSEND = YES;
				ENABLE_USER_SCRIPT_SANDBOXING = YES;
				GCC_C_LANGUAGE_STANDARD = gnu17;
				GCC_NO_COMMON_BLOCKS = YES;
				GCC_WARN_64_TO_32_BIT_CONVERSION = YES;
				GCC_WARN_ABOUT_RETURN_TYPE = YES_ERROR;
				GCC_WARN_UNDECLARED_SELECTOR = YES;
				GCC_WARN_UNINITIALIZED_AUTOS = YES_AGGRESSIVE;
				GCC_WARN_UNUSED_FUNCTION = YES;
				GCC_WARN_UNUSED_VARIABLE = YES;
				IPHONEOS_DEPLOYMENT_TARGET = 26.0;
				LOCALIZATION_PREFERS_STRING_CATALOGS = YES;
				MTL_ENABLE_DEBUG_INFO = NO;
				MTL_FAST_MATH = YES;
				SDKROOT = iphoneos;
				SWIFT_COMPILATION_MODE = wholemodule;
				VALIDATE_PRODUCT = YES;
			};
			name = Release;
		};
		CA8053822F3F3CF80013A6A0 /* Debug */ = {
			isa = XCBuildConfiguration;
			buildSettings = {
				AMPLITUDE_API_KEY = "$(AMPLITUDE_API_KEY_DEBUG)";
				ANALYTICS_ENVIRONMENT = debug;
				ASSETCATALOG_COMPILER_APPICON_NAME = AppIcon;
				ASSETCATALOG_COMPILER_GLOBAL_ACCENT_COLOR_NAME = AccentColor;
				CODE_SIGN_ENTITLEMENTS = Bobmoo_iOS/Bobmoo_iOS.entitlements;
				CODE_SIGN_STYLE = Automatic;
				CURRENT_PROJECT_VERSION = 1;
				DEVELOPMENT_TEAM = L743TBSZQQ;
				ENABLE_PREVIEWS = YES;
				GENERATE_INFOPLIST_FILE = YES;
				INFOPLIST_FILE = "Bobmoo-iOS-Info.plist";
				INFOPLIST_KEY_CFBundleDisplayName = "밥묵자";
				INFOPLIST_KEY_UIApplicationSceneManifest_Generation = YES;
				INFOPLIST_KEY_UIApplicationSupportsIndirectInputEvents = YES;
				INFOPLIST_KEY_UILaunchScreen_Generation = YES;
				INFOPLIST_KEY_UISupportedInterfaceOrientations_iPad = "UIInterfaceOrientationPortrait UIInterfaceOrientationPortraitUpsideDown UIInterfaceOrientationLandscapeLeft UIInterfaceOrientationLandscapeRight";
				INFOPLIST_KEY_UISupportedInterfaceOrientations_iPhone = "UIInterfaceOrientationPortrait UIInterfaceOrientationLandscapeLeft UIInterfaceOrientationLandscapeRight";
				IPHONEOS_DEPLOYMENT_TARGET = 17.0;
				LD_RUNPATH_SEARCH_PATHS = (
					"$(inherited)",
					"@executable_path/Frameworks",
				);
				MARKETING_VERSION = 3.2;
				PRODUCT_BUNDLE_IDENTIFIER = soseoyo.BabmooiOS;
				PRODUCT_NAME = "$(TARGET_NAME)";
				STRING_CATALOG_GENERATE_SYMBOLS = YES;
				SWIFT_APPROACHABLE_CONCURRENCY = YES;
				SWIFT_DEFAULT_ACTOR_ISOLATION = MainActor;
				SWIFT_EMIT_LOC_STRINGS = YES;
				SWIFT_UPCOMING_FEATURE_MEMBER_IMPORT_VISIBILITY = YES;
				SWIFT_VERSION = 5.0;
				TARGETED_DEVICE_FAMILY = "1,2";
			};
			name = Debug;
		};
		CA8053832F3F3CF80013A6A0 /* Release */ = {
			isa = XCBuildConfiguration;
			buildSettings = {
				AMPLITUDE_API_KEY = "$(AMPLITUDE_API_KEY_RELEASE)";
				ANALYTICS_ENVIRONMENT = release;
				ASSETCATALOG_COMPILER_APPICON_NAME = AppIcon;
				ASSETCATALOG_COMPILER_GLOBAL_ACCENT_COLOR_NAME = AccentColor;
				CODE_SIGN_ENTITLEMENTS = Bobmoo_iOS/Bobmoo_iOS.entitlements;
				CODE_SIGN_STYLE = Automatic;
				CURRENT_PROJECT_VERSION = 1;
				DEVELOPMENT_TEAM = L743TBSZQQ;
				ENABLE_PREVIEWS = YES;
				GENERATE_INFOPLIST_FILE = YES;
				INFOPLIST_FILE = "Bobmoo-iOS-Info.plist";
				INFOPLIST_KEY_CFBundleDisplayName = "밥묵자";
				INFOPLIST_KEY_UIApplicationSceneManifest_Generation = YES;
				INFOPLIST_KEY_UIApplicationSupportsIndirectInputEvents = YES;
				INFOPLIST_KEY_UILaunchScreen_Generation = YES;
				INFOPLIST_KEY_UISupportedInterfaceOrientations_iPad = "UIInterfaceOrientationPortrait UIInterfaceOrientationPortraitUpsideDown UIInterfaceOrientationLandscapeLeft UIInterfaceOrientationLandscapeRight";
				INFOPLIST_KEY_UISupportedInterfaceOrientations_iPhone = "UIInterfaceOrientationPortrait UIInterfaceOrientationLandscapeLeft UIInterfaceOrientationLandscapeRight";
				IPHONEOS_DEPLOYMENT_TARGET = 17.0;
				LD_RUNPATH_SEARCH_PATHS = (
					"$(inherited)",
					"@executable_path/Frameworks",
				);
				MARKETING_VERSION = 3.2;
				PRODUCT_BUNDLE_IDENTIFIER = soseoyo.BabmooiOS;
				PRODUCT_NAME = "$(TARGET_NAME)";
				STRING_CATALOG_GENERATE_SYMBOLS = YES;
				SWIFT_APPROACHABLE_CONCURRENCY = YES;
				SWIFT_DEFAULT_ACTOR_ISOLATION = MainActor;
				SWIFT_EMIT_LOC_STRINGS = YES;
				SWIFT_UPCOMING_FEATURE_MEMBER_IMPORT_VISIBILITY = YES;
				SWIFT_VERSION = 5.0;
				TARGETED_DEVICE_FAMILY = "1,2";
			};
			name = Release;
		};
/* End XCBuildConfiguration section */

/* Begin XCConfigurationList section */
		CA47C2A62F488B33000D809C /* Build configuration list for PBXNativeTarget "BobmooWidgetExtension" */ = {
			isa = XCConfigurationList;
			buildConfigurations = (
				CA47C2A72F488B33000D809C /* Debug */,
				CA47C2A82F488B33000D809C /* Release */,
			);
			defaultConfigurationIsVisible = 0;
			defaultConfigurationName = Release;
		};
		CA8053712F3F3CF80013A6A0 /* Build configuration list for PBXProject "Bobmoo_iOS" */ = {
			isa = XCConfigurationList;
			buildConfigurations = (
				CA80537F2F3F3CF80013A6A0 /* Debug */,
				CA8053802F3F3CF80013A6A0 /* Release */,
			);
			defaultConfigurationIsVisible = 0;
			defaultConfigurationName = Release;
		};
		CA8053812F3F3CF80013A6A0 /* Build configuration list for PBXNativeTarget "Bobmoo_iOS" */ = {
			isa = XCConfigurationList;
			buildConfigurations = (
				CA8053822F3F3CF80013A6A0 /* Debug */,
				CA8053832F3F3CF80013A6A0 /* Release */,
			);
			defaultConfigurationIsVisible = 0;
			defaultConfigurationName = Release;
		};
/* End XCConfigurationList section */

/* Begin XCRemoteSwiftPackageReference section */
		CA47C29E2F488B33000D809C /* XCRemoteSwiftPackageReference "Alamofire" */ = {
			isa = XCRemoteSwiftPackageReference;
			repositoryURL = "https://github.com/Alamofire/Alamofire";
			requirement = {
				kind = upToNextMajorVersion;
				minimumVersion = 5.11.1;
			};
		};
		D1A100022F70000100A1A1A1 /* XCRemoteSwiftPackageReference "Amplitude-Swift" */ = {
			isa = XCRemoteSwiftPackageReference;
			repositoryURL = "https://github.com/amplitude/Amplitude-Swift";
			requirement = {
				kind = upToNextMajorVersion;
				minimumVersion = 1.17.5;
			};
		};
		CAA5B2612F63B60E00BE49E3 /* XCRemoteSwiftPackageReference "firebase-ios-sdk" */ = {
			isa = XCRemoteSwiftPackageReference;
			repositoryURL = "https://github.com/firebase/firebase-ios-sdk";
			requirement = {
				kind = upToNextMajorVersion;
				minimumVersion = 12.10.0;
			};
		};
/* End XCRemoteSwiftPackageReference section */

/* Begin XCSwiftPackageProductDependency section */
		CA47C29F2F488B33000D809C /* Alamofire */ = {
			isa = XCSwiftPackageProductDependency;
			package = CA47C29E2F488B33000D809C /* XCRemoteSwiftPackageReference "Alamofire" */;
			productName = Alamofire;
		};
		D1A100032F70000100A1A1A1 /* AmplitudeSwift */ = {
			isa = XCSwiftPackageProductDependency;
			package = D1A100022F70000100A1A1A1 /* XCRemoteSwiftPackageReference "Amplitude-Swift" */;
			productName = AmplitudeSwift;
		};
		CAA5B2622F63B60E00BE49E3 /* FirebaseAnalytics */ = {
			isa = XCSwiftPackageProductDependency;
			package = CAA5B2612F63B60E00BE49E3 /* XCRemoteSwiftPackageReference "firebase-ios-sdk" */;
			productName = FirebaseAnalytics;
		};
/* End XCSwiftPackageProductDependency section */
	};
	rootObject = CA80536E2F3F3CF80013A6A0 /* Project object */;
}
